
Microsoft Visual Studio Solution File, Format Version 12.00
# Visual Studio Version 17
VisualStudioVersion = 17.1.32328.378
MinimumVisualStudioVersion = 10.0.40219.1
Project("{2150E333-8FDC-42A3-9474-1A3956D46DE8}") = "ShopManagement", "ShopManagement", "{AED42EF4-1044-4A2C-819A-D68A6947F2BE}"
EndProject
Project("{2150E333-8FDC-42A3-9474-1A3956D46DE8}") = "SM.Domain", "SM.Domain", "{DF74930D-2AB5-4D62-B7F3-AFE975BA9A96}"
EndProject
Project("{9A19103F-16F7-4668-BE54-9A1E7A4F7556}") = "ShopManagement.Domain", "ShopMangement.Domain\ShopManagement.Domain.csproj", "{BFE218D8-B190-4603-B140-D384B0CE35EC}"
EndProject
Project("{9A19103F-16F7-4668-BE54-9A1E7A4F7556}") = "0_Framework", "0_Framework\0_Framework.csproj", "{4C1E9406-68FA-453A-B487-B4DD28CE74F0}"
EndProject
Project("{2150E333-8FDC-42A3-9474-1A3956D46DE8}") = "SM.Application", "SM.Application", "{BFE03E67-2027-4EDE-B563-A49B0FB32579}"
EndProject
Project("{9A19103F-16F7-4668-BE54-9A1E7A4F7556}") = "ShopManagement.Application.Contracts", "ShopManagement.Application.Contracts\ShopManagement.Application.Contracts.csproj", "{A903E256-10C1-42AE-9874-06ED51DEF8FA}"
EndProject
Project("{9A19103F-16F7-4668-BE54-9A1E7A4F7556}") = "ShopManagement.Application", "ShopManagement.Application\ShopManagement.Application.csproj", "{5FFDE229-8E27-4A66-AE5B-43DA9230B683}"
EndProject
Project("{2150E333-8FDC-42A3-9474-1A3956D46DE8}") = "SM.Infrasructure", "SM.Infrasructure", "{9EE0403B-B524-464E-9040-03B39DFDAFA3}"
EndProject
Project("{9A19103F-16F7-4668-BE54-9A1E7A4F7556}") = "ShopManagement.Infrastructure.EFCore", "ShopManagement.Infrastructure.EFCore\ShopManagement.Infrastructure.EFCore.csproj", "{221278E3-6379-4754-BBEE-7CE522461067}"
EndProject
Project("{9A19103F-16F7-4668-BE54-9A1E7A4F7556}") = "ShopManagement.Configuration", "ShopManagement.Configuration\ShopManagement.Configuration.csproj", "{FC90B293-6F53-4CEF-9929-C4B8195B8C05}"
EndProject
Project("{9A19103F-16F7-4668-BE54-9A1E7A4F7556}") = "ServiceHost", "ServiceHost\ServiceHost.csproj", "{4503AC7D-D8D0-4F54-A38E-8E612B84E15A}"
EndProject
Project("{9A19103F-16F7-4668-BE54-9A1E7A4F7556}") = "01_LampshadeQuery", "01_LampshadeQuery\01_LampshadeQuery.csproj", "{61DF7451-6B92-4F87-AD4A-B537692CD258}"
EndProject
Project("{2150E333-8FDC-42A3-9474-1A3956D46DE8}") = "DiscountManagement", "DiscountManagement", "{061AD4AD-0F0C-4B78-966F-C3CBEEAB6C9A}"
EndProject
Project("{2150E333-8FDC-42A3-9474-1A3956D46DE8}") = "DM.Domain", "DM.Domain", "{3F5888D8-43E0-41F5-93AC-D40DDE969183}"
EndProject
Project("{FAE04EC0-301F-11D3-BF4B-00C04F79EFBC}") = "DiscountManagement.Domain", "DiscountManagement.Domain\DiscountManagement.Domain.csproj", "{21A62E34-37C3-4F83-B38C-1BAE5AF607AE}"
EndProject
Project("{2150E333-8FDC-42A3-9474-1A3956D46DE8}") = "DM.Application", "DM.Application", "{871ECA9E-8A5F-4680-B6AB-02EFAA2D72D5}"
EndProject
Project("{FAE04EC0-301F-11D3-BF4B-00C04F79EFBC}") = "DiscountManagement.Application.Contracts", "DiscountManagement.Application.Contracts\DiscountManagement.Application.Contracts.csproj", "{1D735B82-2DAD-4FDF-BF42-D9CA87AF514D}"
EndProject
Project("{FAE04EC0-301F-11D3-BF4B-00C04F79EFBC}") = "DiscountManagement.Application", "DiscountMangement.Application\DiscountManagement.Application.csproj", "{39CDF101-BA98-4611-8974-40C62DB357AA}"
EndProject
Project("{2150E333-8FDC-42A3-9474-1A3956D46DE8}") = "DM.Infrustructure", "DM.Infrustructure", "{2C99FBCE-810C-4894-8FEB-F3EC16B9B438}"
EndProject
Project("{FAE04EC0-301F-11D3-BF4B-00C04F79EFBC}") = "DiscountManagement.Infrastructure.EFCore", "DiscountManagement.Infrastructure.EFCore\DiscountManagement.Infrastructure.EFCore.csproj", "{D98333FA-8C32-4A99-BA87-932DFCFC0696}"
EndProject
Project("{FAE04EC0-301F-11D3-BF4B-00C04F79EFBC}") = "DiscountManagement.Configuration", "DiscountManagement.Configuration\DiscountManagement.Configuration.csproj", "{D8CBAC84-16CE-4575-ABAF-2455061296AC}"
EndProject
Global
	GlobalSection(SolutionConfigurationPlatforms) = preSolution
		Debug|Any CPU = Debug|Any CPU
		Release|Any CPU = Release|Any CPU
	EndGlobalSection
	GlobalSection(ProjectConfigurationPlatforms) = postSolution
		{BFE218D8-B190-4603-B140-D384B0CE35EC}.Debug|Any CPU.ActiveCfg = Debug|Any CPU
		{BFE218D8-B190-4603-B140-D384B0CE35EC}.Debug|Any CPU.Build.0 = Debug|Any CPU
		{BFE218D8-B190-4603-B140-D384B0CE35EC}.Release|Any CPU.ActiveCfg = Release|Any CPU
		{BFE218D8-B190-4603-B140-D384B0CE35EC}.Release|Any CPU.Build.0 = Release|Any CPU
		{4C1E9406-68FA-453A-B487-B4DD28CE74F0}.Debug|Any CPU.ActiveCfg = Debug|Any CPU
		{4C1E9406-68FA-453A-B487-B4DD28CE74F0}.Debug|Any CPU.Build.0 = Debug|Any CPU
		{4C1E9406-68FA-453A-B487-B4DD28CE74F0}.Release|Any CPU.ActiveCfg = Release|Any CPU
		{4C1E9406-68FA-453A-B487-B4DD28CE74F0}.Release|Any CPU.Build.0 = Release|Any CPU
		{A903E256-10C1-42AE-9874-06ED51DEF8FA}.Debug|Any CPU.ActiveCfg = Debug|Any CPU
		{A903E256-10C1-42AE-9874-06ED51DEF8FA}.Debug|Any CPU.Build.0 = Debug|Any CPU
		{A903E256-10C1-42AE-9874-06ED51DEF8FA}.Release|Any CPU.ActiveCfg = Release|Any CPU
		{A903E256-10C1-42AE-9874-06ED51DEF8FA}.Release|Any CPU.Build.0 = Release|Any CPU
		{5FFDE229-8E27-4A66-AE5B-43DA9230B683}.Debug|Any CPU.ActiveCfg = Debug|Any CPU
		{5FFDE229-8E27-4A66-AE5B-43DA9230B683}.Debug|Any CPU.Build.0 = Debug|Any CPU
		{5FFDE229-8E27-4A66-AE5B-43DA9230B683}.Release|Any CPU.ActiveCfg = Release|Any CPU
		{5FFDE229-8E27-4A66-AE5B-43DA9230B683}.Release|Any CPU.Build.0 = Release|Any CPU
		{221278E3-6379-4754-BBEE-7CE522461067}.Debug|Any CPU.ActiveCfg = Debug|Any CPU
		{221278E3-6379-4754-BBEE-7CE522461067}.Debug|Any CPU.Build.0 = Debug|Any CPU
		{221278E3-6379-4754-BBEE-7CE522461067}.Release|Any CPU.ActiveCfg = Release|Any CPU
		{221278E3-6379-4754-BBEE-7CE522461067}.Release|Any CPU.Build.0 = Release|Any CPU
		{FC90B293-6F53-4CEF-9929-C4B8195B8C05}.Debug|Any CPU.ActiveCfg = Debug|Any CPU
		{FC90B293-6F53-4CEF-9929-C4B8195B8C05}.Debug|Any CPU.Build.0 = Debug|Any CPU
		{FC90B293-6F53-4CEF-9929-C4B8195B8C05}.Release|Any CPU.ActiveCfg = Release|Any CPU
		{FC90B293-6F53-4CEF-9929-C4B8195B8C05}.Release|Any CPU.Build.0 = Release|Any CPU
		{4503AC7D-D8D0-4F54-A38E-8E612B84E15A}.Debug|Any CPU.ActiveCfg = Debug|Any CPU
		{4503AC7D-D8D0-4F54-A38E-8E612B84E15A}.Debug|Any CPU.Build.0 = Debug|Any CPU
		{4503AC7D-D8D0-4F54-A38E-8E612B84E15A}.Release|Any CPU.ActiveCfg = Release|Any CPU
		{4503AC7D-D8D0-4F54-A38E-8E612B84E15A}.Release|Any CPU.Build.0 = Release|Any CPU
		{61DF7451-6B92-4F87-AD4A-B537692CD258}.Debug|Any CPU.ActiveCfg = Debug|Any CPU
		{61DF7451-6B92-4F87-AD4A-B537692CD258}.Debug|Any CPU.Build.0 = Debug|Any CPU
		{61DF7451-6B92-4F87-AD4A-B537692CD258}.Release|Any CPU.ActiveCfg = Release|Any CPU
		{61DF7451-6B92-4F87-AD4A-B537692CD258}.Release|Any CPU.Build.0 = Release|Any CPU
		{21A62E34-37C3-4F83-B38C-1BAE5AF607AE}.Debug|Any CPU.ActiveCfg = Debug|Any CPU
		{21A62E34-37C3-4F83-B38C-1BAE5AF607AE}.Debug|Any CPU.Build.0 = Debug|Any CPU
		{21A62E34-37C3-4F83-B38C-1BAE5AF607AE}.Release|Any CPU.ActiveCfg = Release|Any CPU
		{21A62E34-37C3-4F83-B38C-1BAE5AF607AE}.Release|Any CPU.Build.0 = Release|Any CPU
		{1D735B82-2DAD-4FDF-BF42-D9CA87AF514D}.Debug|Any CPU.ActiveCfg = Debug|Any CPU
		{1D735B82-2DAD-4FDF-BF42-D9CA87AF514D}.Debug|Any CPU.Build.0 = Debug|Any CPU
		{1D735B82-2DAD-4FDF-BF42-D9CA87AF514D}.Release|Any CPU.ActiveCfg = Release|Any CPU
		{1D735B82-2DAD-4FDF-BF42-D9CA87AF514D}.Release|Any CPU.Build.0 = Release|Any CPU
		{39CDF101-BA98-4611-8974-40C62DB357AA}.Debug|Any CPU.ActiveCfg = Debug|Any CPU
		{39CDF101-BA98-4611-8974-40C62DB357AA}.Debug|Any CPU.Build.0 = Debug|Any CPU
		{39CDF101-BA98-4611-8974-40C62DB357AA}.Release|Any CPU.ActiveCfg = Release|Any CPU
		{39CDF101-BA98-4611-8974-40C62DB357AA}.Release|Any CPU.Build.0 = Release|Any CPU
		{D98333FA-8C32-4A99-BA87-932DFCFC0696}.Debug|Any CPU.ActiveCfg = Debug|Any CPU
		{D98333FA-8C32-4A99-BA87-932DFCFC0696}.Debug|Any CPU.Build.0 = Debug|Any CPU
		{D98333FA-8C32-4A99-BA87-932DFCFC0696}.Release|Any CPU.ActiveCfg = Release|Any CPU
		{D98333FA-8C32-4A99-BA87-932DFCFC0696}.Release|Any CPU.Build.0 = Release|Any CPU
		{D8CBAC84-16CE-4575-ABAF-2455061296AC}.Debug|Any CPU.ActiveCfg = Debug|Any CPU
		{D8CBAC84-16CE-4575-ABAF-2455061296AC}.Debug|Any CPU.Build.0 = Debug|Any CPU
		{D8CBAC84-16CE-4575-ABAF-2455061296AC}.Release|Any CPU.ActiveCfg = Release|Any CPU
		{D8CBAC84-16CE-4575-ABAF-2455061296AC}.Release|Any CPU.Build.0 = Release|Any CPU
	EndGlobalSection
	GlobalSection(SolutionProperties) = preSolution
		HideSolutionNode = FALSE
	EndGlobalSection
	GlobalSection(NestedProjects) = preSolution
		{DF74930D-2AB5-4D62-B7F3-AFE975BA9A96} = {AED42EF4-1044-4A2C-819A-D68A6947F2BE}
		{BFE218D8-B190-4603-B140-D384B0CE35EC} = {DF74930D-2AB5-4D62-B7F3-AFE975BA9A96}
		{BFE03E67-2027-4EDE-B563-A49B0FB32579} = {AED42EF4-1044-4A2C-819A-D68A6947F2BE}
		{A903E256-10C1-42AE-9874-06ED51DEF8FA} = {BFE03E67-2027-4EDE-B563-A49B0FB32579}
		{5FFDE229-8E27-4A66-AE5B-43DA9230B683} = {BFE03E67-2027-4EDE-B563-A49B0FB32579}
		{9EE0403B-B524-464E-9040-03B39DFDAFA3} = {AED42EF4-1044-4A2C-819A-D68A6947F2BE}
		{221278E3-6379-4754-BBEE-7CE522461067} = {9EE0403B-B524-464E-9040-03B39DFDAFA3}
		{FC90B293-6F53-4CEF-9929-C4B8195B8C05} = {9EE0403B-B524-464E-9040-03B39DFDAFA3}
		{3F5888D8-43E0-41F5-93AC-D40DDE969183} = {061AD4AD-0F0C-4B78-966F-C3CBEEAB6C9A}
		{21A62E34-37C3-4F83-B38C-1BAE5AF607AE} = {3F5888D8-43E0-41F5-93AC-D40DDE969183}
		{871ECA9E-8A5F-4680-B6AB-02EFAA2D72D5} = {061AD4AD-0F0C-4B78-966F-C3CBEEAB6C9A}
		{1D735B82-2DAD-4FDF-BF42-D9CA87AF514D} = {871ECA9E-8A5F-4680-B6AB-02EFAA2D72D5}
		{39CDF101-BA98-4611-8974-40C62DB357AA} = {871ECA9E-8A5F-4680-B6AB-02EFAA2D72D5}
		{2C99FBCE-810C-4894-8FEB-F3EC16B9B438} = {061AD4AD-0F0C-4B78-966F-C3CBEEAB6C9A}
		{D98333FA-8C32-4A99-BA87-932DFCFC0696} = {2C99FBCE-810C-4894-8FEB-F3EC16B9B438}
		{D8CBAC84-16CE-4575-ABAF-2455061296AC} = {2C99FBCE-810C-4894-8FEB-F3EC16B9B438}
	EndGlobalSection
	GlobalSection(ExtensibilityGlobals) = postSolution
		SolutionGuid = {757F3B16-B784-4FDF-B11A-16CBE240EA42}
	EndGlobalSection
EndGlobal
